
Microsoft Visual Studio Solution File, Format Version 12.00
# Visual Studio Version 16
VisualStudioVersion = 16.0.30105.148
MinimumVisualStudioVersion = 10.0.40219.1
Project("{9A19103F-16F7-4668-BE54-9A1E7A4F7556}") = "AzureBlazorCosmosWasm", "AzureBlazorCosmosWasm\AzureBlazorCosmosWasm.csproj", "{F9089719-49B9-4F7B-8EAE-AC97FE7E6FD7}"
EndProject
Project("{9A19103F-16F7-4668-BE54-9A1E7A4F7556}") = "CosmosAuthentication", "CosmosAuthentication\CosmosAuthentication.csproj", "{9E94244A-1CF5-41D3-B23A-D9625D03893D}"
EndProject
Project("{9A19103F-16F7-4668-BE54-9A1E7A4F7556}") = "BlogData", "BlogData\BlogData.csproj", "{C79A5E13-E010-4031-9364-99965DBD40EA}"
EndProject
Project("{FAE04EC0-301F-11D3-BF4B-00C04F79EFBC}") = "Common", "Common\Common.csproj", "{3D316633-0CFF-4C25-AB1F-E88DC852C3DF}"
EndProject
Global
	GlobalSection(SolutionConfigurationPlatforms) = preSolution
		Debug|Any CPU = Debug|Any CPU
		Release|Any CPU = Release|Any CPU
	EndGlobalSection
	GlobalSection(ProjectConfigurationPlatforms) = postSolution
		{F9089719-49B9-4F7B-8EAE-AC97FE7E6FD7}.Debug|Any CPU.ActiveCfg = Debug|Any CPU
		{F9089719-49B9-4F7B-8EAE-AC97FE7E6FD7}.Debug|Any CPU.Build.0 = Debug|Any CPU
		{F9089719-49B9-4F7B-8EAE-AC97FE7E6FD7}.Release|Any CPU.ActiveCfg = Release|Any CPU
		{F9089719-49B9-4F7B-8EAE-AC97FE7E6FD7}.Release|Any CPU.Build.0 = Release|Any CPU
		{9E94244A-1CF5-41D3-B23A-D9625D03893D}.Debug|Any CPU.ActiveCfg = Debug|Any CPU
		{9E94244A-1CF5-41D3-B23A-D9625D03893D}.Debug|Any CPU.Build.0 = Debug|Any CPU
		{9E94244A-1CF5-41D3-B23A-D9625D03893D}.Release|Any CPU.ActiveCfg = Release|Any CPU
		{9E94244A-1CF5-41D3-B23A-D9625D03893D}.Release|Any CPU.Build.0 = Release|Any CPU
		{C79A5E13-E010-4031-9364-99965DBD40EA}.Debug|Any CPU.ActiveCfg = Debug|Any CPU
		{C79A5E13-E010-4031-9364-99965DBD40EA}.Debug|Any CPU.Build.0 = Debug|Any CPU
		{C79A5E13-E010-4031-9364-99965DBD40EA}.Release|Any CPU.ActiveCfg = Release|Any CPU
		{C79A5E13-E010-4031-9364-99965DBD40EA}.Release|Any CPU.Build.0 = Release|Any CPU
		{3D316633-0CFF-4C25-AB1F-E88DC852C3DF}.Debug|Any CPU.ActiveCfg = Debug|Any CPU
		{3D316633-0CFF-4C25-AB1F-E88DC852C3DF}.Debug|Any CPU.Build.0 = Debug|Any CPU
		{3D316633-0CFF-4C25-AB1F-E88DC852C3DF}.Release|Any CPU.ActiveCfg = Release|Any CPU
		{3D316633-0CFF-4C25-AB1F-E88DC852C3DF}.Release|Any CPU.Build.0 = Release|Any CPU
	EndGlobalSection
	GlobalSection(SolutionProperties) = preSolution
		HideSolutionNode = FALSE
	EndGlobalSection
	GlobalSection(ExtensibilityGlobals) = postSolution
		SolutionGuid = {B936B7E8-7B7B-48BD-BB44-D23B144EA2E1}
	EndGlobalSection
EndGlobal
